
Microsoft Visual Studio Solution File, Format Version 12.00
# Visual Studio Version 16
VisualStudioVersion = 16.0.32901.82
MinimumVisualStudioVersion = 10.0.40219.1
Project("{9A19103F-16F7-4668-BE54-9A1E7A4F7556}") = "ServerBelPodryad", "ServerBelPodryad\ServerBelPodryad.csproj", "{291DF23D-900D-4CC2-8D3E-CED232883C28}"
EndProject
Project("{FAE04EC0-301F-11D3-BF4B-00C04F79EFBC}") = "TestProject1", "TestProject1\TestProject1.csproj", "{EA87525F-E7DA-48EB-8988-2C887DD6A976}"
EndProject
Global
	GlobalSection(SolutionConfigurationPlatforms) = preSolution
		Debug|Any CPU = Debug|Any CPU
		Release|Any CPU = Release|Any CPU
	EndGlobalSection
	GlobalSection(ProjectConfigurationPlatforms) = postSolution
		{291DF23D-900D-4CC2-8D3E-CED232883C28}.Debug|Any CPU.ActiveCfg = Debug|Any CPU
		{291DF23D-900D-4CC2-8D3E-CED232883C28}.Debug|Any CPU.Build.0 = Debug|Any CPU
		{291DF23D-900D-4CC2-8D3E-CED232883C28}.Release|Any CPU.ActiveCfg = Release|Any CPU
		{291DF23D-900D-4CC2-8D3E-CED232883C28}.Release|Any CPU.Build.0 = Release|Any CPU
		{EA87525F-E7DA-48EB-8988-2C887DD6A976}.Debug|Any CPU.ActiveCfg = Debug|Any CPU
		{EA87525F-E7DA-48EB-8988-2C887DD6A976}.Debug|Any CPU.Build.0 = Debug|Any CPU
		{EA87525F-E7DA-48EB-8988-2C887DD6A976}.Release|Any CPU.ActiveCfg = Release|Any CPU
		{EA87525F-E7DA-48EB-8988-2C887DD6A976}.Release|Any CPU.Build.0 = Release|Any CPU
	EndGlobalSection
	GlobalSection(SolutionProperties) = preSolution
		HideSolutionNode = FALSE
	EndGlobalSection
	GlobalSection(ExtensibilityGlobals) = postSolution
		SolutionGuid = {33415C8B-2DF9-45A6-BEE0-400EBD0B7D0D}
	EndGlobalSection
EndGlobal
